
Microsoft Visual Studio Solution File, Format Version 12.00
# Visual Studio 15
VisualStudioVersion = 15.0.27004.2009
MinimumVisualStudioVersion = 10.0.40219.1
Project("{FAE04EC0-301F-11D3-BF4B-00C04F79EFBC}") = "MyCommon.Web", "MyCommon.Web\MyCommon.Web.csproj", "{B0EFF1DC-CC42-4397-9193-13F24A41C587}"
EndProject
Project("{FAE04EC0-301F-11D3-BF4B-00C04F79EFBC}") = "MyCommon.Common", "MyCommon.Common\MyCommon.Common.csproj", "{760384AB-31D3-4776-ACFA-493CD7D4D835}"
EndProject
Project("{FAE04EC0-301F-11D3-BF4B-00C04F79EFBC}") = "MyCommon.Wcf", "MyCommon.Wcf\MyCommon.Wcf.csproj", "{58ADD662-3B57-4055-BAAC-ED916A4CBC2F}"
EndProject
Project("{FAE04EC0-301F-11D3-BF4B-00C04F79EFBC}") = "MyCommon.WinForm", "MyCommon.WinForm\MyCommon.WinForm.csproj", "{8E1B71AC-75A4-48A8-800C-4842B7E7962E}"
EndProject
Global
	GlobalSection(SolutionConfigurationPlatforms) = preSolution
		Debug|Any CPU = Debug|Any CPU
		Release|Any CPU = Release|Any CPU
	EndGlobalSection
	GlobalSection(ProjectConfigurationPlatforms) = postSolution
		{B0EFF1DC-CC42-4397-9193-13F24A41C587}.Debug|Any CPU.ActiveCfg = Debug|Any CPU
		{B0EFF1DC-CC42-4397-9193-13F24A41C587}.Debug|Any CPU.Build.0 = Debug|Any CPU
		{B0EFF1DC-CC42-4397-9193-13F24A41C587}.Release|Any CPU.ActiveCfg = Release|Any CPU
		{B0EFF1DC-CC42-4397-9193-13F24A41C587}.Release|Any CPU.Build.0 = Release|Any CPU
		{760384AB-31D3-4776-ACFA-493CD7D4D835}.Debug|Any CPU.ActiveCfg = Debug|Any CPU
		{760384AB-31D3-4776-ACFA-493CD7D4D835}.Debug|Any CPU.Build.0 = Debug|Any CPU
		{760384AB-31D3-4776-ACFA-493CD7D4D835}.Release|Any CPU.ActiveCfg = Release|Any CPU
		{760384AB-31D3-4776-ACFA-493CD7D4D835}.Release|Any CPU.Build.0 = Release|Any CPU
		{58ADD662-3B57-4055-BAAC-ED916A4CBC2F}.Debug|Any CPU.ActiveCfg = Debug|Any CPU
		{58ADD662-3B57-4055-BAAC-ED916A4CBC2F}.Debug|Any CPU.Build.0 = Debug|Any CPU
		{58ADD662-3B57-4055-BAAC-ED916A4CBC2F}.Release|Any CPU.ActiveCfg = Release|Any CPU
		{58ADD662-3B57-4055-BAAC-ED916A4CBC2F}.Release|Any CPU.Build.0 = Release|Any CPU
		{8E1B71AC-75A4-48A8-800C-4842B7E7962E}.Debug|Any CPU.ActiveCfg = Debug|Any CPU
		{8E1B71AC-75A4-48A8-800C-4842B7E7962E}.Debug|Any CPU.Build.0 = Debug|Any CPU
		{8E1B71AC-75A4-48A8-800C-4842B7E7962E}.Release|Any CPU.ActiveCfg = Release|Any CPU
		{8E1B71AC-75A4-48A8-800C-4842B7E7962E}.Release|Any CPU.Build.0 = Release|Any CPU
	EndGlobalSection
	GlobalSection(SolutionProperties) = preSolution
		HideSolutionNode = FALSE
	EndGlobalSection
	GlobalSection(ExtensibilityGlobals) = postSolution
		SolutionGuid = {8DF03B58-FFAE-4BD4-A5A4-65DA97921348}
	EndGlobalSection
EndGlobal
